
Microsoft Visual Studio Solution File, Format Version 12.00
# Visual Studio Version 17
VisualStudioVersion = 17.9.34728.123
MinimumVisualStudioVersion = 10.0.40219.1
Project("{FAE04EC0-301F-11D3-BF4B-00C04F79EFBC}") = "ToDoApi", "ToDoApi.csproj", "{1859CEE2-6812-47FF-B58D-BE4F7BF48449}"
EndProject
Global
	GlobalSection(SolutionConfigurationPlatforms) = preSolution
		Debug|Any CPU = Debug|Any CPU
		Release|Any CPU = Release|Any CPU
	EndGlobalSection
	GlobalSection(ProjectConfigurationPlatforms) = postSolution
		{1859CEE2-6812-47FF-B58D-BE4F7BF48449}.Debug|Any CPU.ActiveCfg = Debug|Any CPU
		{1859CEE2-6812-47FF-B58D-BE4F7BF48449}.Debug|Any CPU.Build.0 = Debug|Any CPU
		{1859CEE2-6812-47FF-B58D-BE4F7BF48449}.Release|Any CPU.ActiveCfg = Release|Any CPU
		{1859CEE2-6812-47FF-B58D-BE4F7BF48449}.Release|Any CPU.Build.0 = Release|Any CPU
	EndGlobalSection
	GlobalSection(SolutionProperties) = preSolution
		HideSolutionNode = FALSE
	EndGlobalSection
	GlobalSection(ExtensibilityGlobals) = postSolution
		SolutionGuid = {2CEC1E2D-D56C-4E3F-A6CA-7C8B2C8ECCAF}
	EndGlobalSection
EndGlobal
